
Microsoft Visual Studio Solution File, Format Version 12.00
# Visual Studio 15
VisualStudioVersion = 15.0.28307.421
MinimumVisualStudioVersion = 10.0.40219.1
Project("{FAE04EC0-301F-11D3-BF4B-00C04F79EFBC}") = "WebAPIworkers", "WebApi\WebAPIworkers.csproj", "{7F5E0CB4-2ACF-453C-807F-9E2E6CDAB7BD}"
EndProject
Global
	GlobalSection(SolutionConfigurationPlatforms) = preSolution
		Debug|Any CPU = Debug|Any CPU
		Release|Any CPU = Release|Any CPU
	EndGlobalSection
	GlobalSection(ProjectConfigurationPlatforms) = postSolution
		{7F5E0CB4-2ACF-453C-807F-9E2E6CDAB7BD}.Debug|Any CPU.ActiveCfg = Debug|Any CPU
		{7F5E0CB4-2ACF-453C-807F-9E2E6CDAB7BD}.Debug|Any CPU.Build.0 = Debug|Any CPU
		{7F5E0CB4-2ACF-453C-807F-9E2E6CDAB7BD}.Release|Any CPU.ActiveCfg = Release|Any CPU
		{7F5E0CB4-2ACF-453C-807F-9E2E6CDAB7BD}.Release|Any CPU.Build.0 = Release|Any CPU
	EndGlobalSection
	GlobalSection(SolutionProperties) = preSolution
		HideSolutionNode = FALSE
	EndGlobalSection
	GlobalSection(ExtensibilityGlobals) = postSolution
		SolutionGuid = {08FE9793-E2EE-4FFE-9338-89D4BB754EB3}
	EndGlobalSection
EndGlobal
